
Microsoft Visual Studio Solution File, Format Version 12.00
# Visual Studio Version 16
VisualStudioVersion = 16.0.30413.136
MinimumVisualStudioVersion = 10.0.40219.1
Project("{9A19103F-16F7-4668-BE54-9A1E7A4F7556}") = "League Replay Library", "League Replay Library\League Replay Library.csproj", "{A1BE6CB7-3B3E-456F-A702-BEF55A68B722}"
EndProject
Project("{FAE04EC0-301F-11D3-BF4B-00C04F79EFBC}") = "Replay Downloader", "Replay Downloader\Replay Downloader.csproj", "{12494BD9-A63B-4C1B-BE7E-1BB137722016}"
EndProject
Global
	GlobalSection(SolutionConfigurationPlatforms) = preSolution
		Debug|Any CPU = Debug|Any CPU
		Release|Any CPU = Release|Any CPU
	EndGlobalSection
	GlobalSection(ProjectConfigurationPlatforms) = postSolution
		{A1BE6CB7-3B3E-456F-A702-BEF55A68B722}.Debug|Any CPU.ActiveCfg = Debug|Any CPU
		{A1BE6CB7-3B3E-456F-A702-BEF55A68B722}.Debug|Any CPU.Build.0 = Debug|Any CPU
		{A1BE6CB7-3B3E-456F-A702-BEF55A68B722}.Release|Any CPU.ActiveCfg = Release|Any CPU
		{A1BE6CB7-3B3E-456F-A702-BEF55A68B722}.Release|Any CPU.Build.0 = Release|Any CPU
		{12494BD9-A63B-4C1B-BE7E-1BB137722016}.Debug|Any CPU.ActiveCfg = Debug|Any CPU
		{12494BD9-A63B-4C1B-BE7E-1BB137722016}.Debug|Any CPU.Build.0 = Debug|Any CPU
		{12494BD9-A63B-4C1B-BE7E-1BB137722016}.Release|Any CPU.ActiveCfg = Release|Any CPU
		{12494BD9-A63B-4C1B-BE7E-1BB137722016}.Release|Any CPU.Build.0 = Release|Any CPU
	EndGlobalSection
	GlobalSection(SolutionProperties) = preSolution
		HideSolutionNode = FALSE
	EndGlobalSection
	GlobalSection(ExtensibilityGlobals) = postSolution
		SolutionGuid = {3A985423-0716-4AD6-BD7C-02BFD6C94EB7}
	EndGlobalSection
EndGlobal
